{
  "version": 4,
  "terraform_version": "1.4.4",
  "serial": 6,
  "lineage": "d7c7adfa-2e0f-14a2-b761-223b013d0c3e",
  "outputs": {},
  "resources": [
    {
      "mode": "managed",
      "type": "virtualbox_vm",
      "name": "node",
      "provider": "provider[\"registry.terraform.io/terra-farm/virtualbox\"]",
      "instances": [
        {
          "index_key": 0,
          "status": "tainted",
          "schema_version": 0,
          "attributes": {
            "boot_order": null,
            "checksum": null,
            "checksum_type": null,
            "cpus": 2,
            "id": "95154dd6-59ee-4549-8596-47ca7227016c",
            "image": "https://app.vagrantup.com/ubuntu/boxes/bionic64/versions/20180903.0.0/providers/virtualbox.box",
            "memory": "512 mib",
            "name": "node-01",
            "network_adapter": [],
            "optical_disks": null,
            "status": "running",
            "url": null,
            "user_data": null
          },
          "sensitive_attributes": [],
          "private": "bnVsbA=="
        }
      ]
    }
  ],
  "check_results": null
}
